# This file was autogenerated by Stack.
# You should not edit this file by hand.
# For more information, please see the documentation at:
#   https://docs.haskellstack.org/en/stable/lock_files

packages:
- completed:
    hackage: optics-0.1@sha256:f15690905f4500bd57ee8399fc36200e62360aeed974de9032a93841cc820b06,5851
    pantry-tree:
      size: 951
      sha256: 8b53096bbd8e6ee8774c308d3da6abe0d09307e9599633427ce846df63000c34
  original:
    hackage: optics-0.1
- completed:
    hackage: optics-core-0.1@sha256:301a7ec522495868a8969a6ad74913c569a1492ba455e5f3c6fcc65f16f500ca,4402
    pantry-tree:
      size: 4983
      sha256: b5609030c5aae396e3fc9dd434fecebcdd59daaac411005fa05e24b52d63abb9
  original:
    hackage: optics-core-0.1
- completed:
    hackage: optics-extra-0.1@sha256:87c94fa6c2265c26b55c20654dcb6917f7aac04b1d7df473997eb221c8bcc80e,3265
    pantry-tree:
      size: 1757
      sha256: 9373a76ca012f4b792484817054dd1a4d99365e822be36a1fe00ebc154678576
  original:
    hackage: optics-extra-0.1
- completed:
    hackage: optics-th-0.1@sha256:c9d47fdf384a2c515ad6faeea9d5da99ac4a3d351ccec3a28f100e040d65bcd4,1913
    pantry-tree:
      size: 601
      sha256: 1ae29551ff2d139e354bacd08a00dff762eff230e2efe79c7164a02a91b68a54
  original:
    hackage: optics-th-0.1
snapshots:
- completed:
    size: 501504
    url: https://raw.githubusercontent.com/commercialhaskell/stackage-snapshots/master/lts/12/4.yaml
    sha256: 58c30f58d877b569461a241956dd27c9e5d69ee95c8889171baba8bbaaa5b093
  original: lts-12.4
